
Microsoft Visual Studio Solution File, Format Version 12.00
# Visual Studio Version 17
VisualStudioVersion = 17.11.35327.3
MinimumVisualStudioVersion = 10.0.40219.1
Project("{FAE04EC0-301F-11D3-BF4B-00C04F79EFBC}") = "Task1", "Task1.csproj", "{6253C649-6FC7-4F04-8098-AEB59AED6F79}"
EndProject
Project("{FAE04EC0-301F-11D3-BF4B-00C04F79EFBC}") = "Task2", "..\Task2\Task2.csproj", "{070EEE40-F54D-4842-A050-F9BDAC682CEA}"
EndProject
Project("{FAE04EC0-301F-11D3-BF4B-00C04F79EFBC}") = "Task3", "..\Task3\Task3.csproj", "{E448FA1D-8F09-47E4-8441-5B1D48626C20}"
EndProject
Project("{FAE04EC0-301F-11D3-BF4B-00C04F79EFBC}") = "Task4", "..\Task4\Task4.csproj", "{BDC4562B-2D41-47E0-A10B-249C38A04864}"
EndProject
Project("{FAE04EC0-301F-11D3-BF4B-00C04F79EFBC}") = "Task5", "..\Task5\Task5.csproj", "{7C72D367-A5C6-4385-B4AC-EE5407874938}"
EndProject
Global
	GlobalSection(SolutionConfigurationPlatforms) = preSolution
		Debug|Any CPU = Debug|Any CPU
		Release|Any CPU = Release|Any CPU
	EndGlobalSection
	GlobalSection(ProjectConfigurationPlatforms) = postSolution
		{6253C649-6FC7-4F04-8098-AEB59AED6F79}.Debug|Any CPU.ActiveCfg = Debug|Any CPU
		{6253C649-6FC7-4F04-8098-AEB59AED6F79}.Debug|Any CPU.Build.0 = Debug|Any CPU
		{6253C649-6FC7-4F04-8098-AEB59AED6F79}.Release|Any CPU.ActiveCfg = Release|Any CPU
		{6253C649-6FC7-4F04-8098-AEB59AED6F79}.Release|Any CPU.Build.0 = Release|Any CPU
		{070EEE40-F54D-4842-A050-F9BDAC682CEA}.Debug|Any CPU.ActiveCfg = Debug|Any CPU
		{070EEE40-F54D-4842-A050-F9BDAC682CEA}.Debug|Any CPU.Build.0 = Debug|Any CPU
		{070EEE40-F54D-4842-A050-F9BDAC682CEA}.Release|Any CPU.ActiveCfg = Release|Any CPU
		{070EEE40-F54D-4842-A050-F9BDAC682CEA}.Release|Any CPU.Build.0 = Release|Any CPU
		{E448FA1D-8F09-47E4-8441-5B1D48626C20}.Debug|Any CPU.ActiveCfg = Debug|Any CPU
		{E448FA1D-8F09-47E4-8441-5B1D48626C20}.Debug|Any CPU.Build.0 = Debug|Any CPU
		{E448FA1D-8F09-47E4-8441-5B1D48626C20}.Release|Any CPU.ActiveCfg = Release|Any CPU
		{E448FA1D-8F09-47E4-8441-5B1D48626C20}.Release|Any CPU.Build.0 = Release|Any CPU
		{BDC4562B-2D41-47E0-A10B-249C38A04864}.Debug|Any CPU.ActiveCfg = Debug|Any CPU
		{BDC4562B-2D41-47E0-A10B-249C38A04864}.Debug|Any CPU.Build.0 = Debug|Any CPU
		{BDC4562B-2D41-47E0-A10B-249C38A04864}.Release|Any CPU.ActiveCfg = Release|Any CPU
		{BDC4562B-2D41-47E0-A10B-249C38A04864}.Release|Any CPU.Build.0 = Release|Any CPU
		{7C72D367-A5C6-4385-B4AC-EE5407874938}.Debug|Any CPU.ActiveCfg = Debug|Any CPU
		{7C72D367-A5C6-4385-B4AC-EE5407874938}.Debug|Any CPU.Build.0 = Debug|Any CPU
		{7C72D367-A5C6-4385-B4AC-EE5407874938}.Release|Any CPU.ActiveCfg = Release|Any CPU
		{7C72D367-A5C6-4385-B4AC-EE5407874938}.Release|Any CPU.Build.0 = Release|Any CPU
	EndGlobalSection
	GlobalSection(SolutionProperties) = preSolution
		HideSolutionNode = FALSE
	EndGlobalSection
	GlobalSection(ExtensibilityGlobals) = postSolution
		SolutionGuid = {69CA679F-DAD2-47E6-BFAB-DA3826C75266}
	EndGlobalSection
EndGlobal
